
Microsoft Visual Studio Solution File, Format Version 12.00
# Visual Studio Version 16
VisualStudioVersion = 16.0.29613.14
MinimumVisualStudioVersion = 10.0.40219.1
Project("{FAE04EC0-301F-11D3-BF4B-00C04F79EFBC}") = "MyMiddleware", "MyMiddleware\MyMiddleware.csproj", "{8861C87C-286C-4E41-9EA3-3E5D031AA4DE}"
EndProject
Project("{FAE04EC0-301F-11D3-BF4B-00C04F79EFBC}") = "MyMiddlewareTest", "MyMiddlewareTest\MyMiddlewareTest.csproj", "{A297ECC3-97D5-4B7F-A3C7-13C197668DAF}"
EndProject
Project("{FAE04EC0-301F-11D3-BF4B-00C04F79EFBC}") = "MyMiddleware.Core", "MyMiddleware.Core\MyMiddleware.Core.csproj", "{8F6A48FA-8247-4108-80AA-2CB944F70CCE}"
EndProject
Global
	GlobalSection(SolutionConfigurationPlatforms) = preSolution
		Debug|Any CPU = Debug|Any CPU
		Release|Any CPU = Release|Any CPU
	EndGlobalSection
	GlobalSection(ProjectConfigurationPlatforms) = postSolution
		{8861C87C-286C-4E41-9EA3-3E5D031AA4DE}.Debug|Any CPU.ActiveCfg = Debug|Any CPU
		{8861C87C-286C-4E41-9EA3-3E5D031AA4DE}.Debug|Any CPU.Build.0 = Debug|Any CPU
		{8861C87C-286C-4E41-9EA3-3E5D031AA4DE}.Release|Any CPU.ActiveCfg = Release|Any CPU
		{8861C87C-286C-4E41-9EA3-3E5D031AA4DE}.Release|Any CPU.Build.0 = Release|Any CPU
		{A297ECC3-97D5-4B7F-A3C7-13C197668DAF}.Debug|Any CPU.ActiveCfg = Debug|Any CPU
		{A297ECC3-97D5-4B7F-A3C7-13C197668DAF}.Debug|Any CPU.Build.0 = Debug|Any CPU
		{A297ECC3-97D5-4B7F-A3C7-13C197668DAF}.Release|Any CPU.ActiveCfg = Release|Any CPU
		{A297ECC3-97D5-4B7F-A3C7-13C197668DAF}.Release|Any CPU.Build.0 = Release|Any CPU
		{8F6A48FA-8247-4108-80AA-2CB944F70CCE}.Debug|Any CPU.ActiveCfg = Debug|Any CPU
		{8F6A48FA-8247-4108-80AA-2CB944F70CCE}.Debug|Any CPU.Build.0 = Debug|Any CPU
		{8F6A48FA-8247-4108-80AA-2CB944F70CCE}.Release|Any CPU.ActiveCfg = Release|Any CPU
		{8F6A48FA-8247-4108-80AA-2CB944F70CCE}.Release|Any CPU.Build.0 = Release|Any CPU
	EndGlobalSection
	GlobalSection(SolutionProperties) = preSolution
		HideSolutionNode = FALSE
	EndGlobalSection
	GlobalSection(ExtensibilityGlobals) = postSolution
		SolutionGuid = {FBC85BEF-5826-456C-A019-78EC5C623142}
	EndGlobalSection
EndGlobal
